
Microsoft Visual Studio Solution File, Format Version 12.00
# Visual Studio Version 17
VisualStudioVersion = 17.7.34003.232
MinimumVisualStudioVersion = 10.0.40219.1
Project("{FAE04EC0-301F-11D3-BF4B-00C04F79EFBC}") = "DragDrop2", "DragDrop2\DragDrop2.csproj", "{87087776-DB4F-492D-B790-F24AB641423D}"
EndProject
Global
	GlobalSection(SolutionConfigurationPlatforms) = preSolution
		Debug|Any CPU = Debug|Any CPU
		Release|Any CPU = Release|Any CPU
	EndGlobalSection
	GlobalSection(ProjectConfigurationPlatforms) = postSolution
		{87087776-DB4F-492D-B790-F24AB641423D}.Debug|Any CPU.ActiveCfg = Debug|Any CPU
		{87087776-DB4F-492D-B790-F24AB641423D}.Debug|Any CPU.Build.0 = Debug|Any CPU
		{87087776-DB4F-492D-B790-F24AB641423D}.Release|Any CPU.ActiveCfg = Release|Any CPU
		{87087776-DB4F-492D-B790-F24AB641423D}.Release|Any CPU.Build.0 = Release|Any CPU
	EndGlobalSection
	GlobalSection(SolutionProperties) = preSolution
		HideSolutionNode = FALSE
	EndGlobalSection
	GlobalSection(ExtensibilityGlobals) = postSolution
		SolutionGuid = {6A3D662A-BA26-42AE-AE92-E4033F2A4F8C}
	EndGlobalSection
EndGlobal
